
Microsoft Visual Studio Solution File, Format Version 12.00
# Visual Studio Version 17
VisualStudioVersion = 17.0.31903.59
MinimumVisualStudioVersion = 10.0.40219.1
Project("{2150E333-8FDC-42A3-9474-1A3956D46DE8}") = "src", "src", "{827E0CD3-B72D-47B6-A68D-7590B98EB39B}"
EndProject
Project("{FAE04EC0-301F-11D3-BF4B-00C04F79EFBC}") = "RentalSystem.Application", "src\RentalSystem.Application\RentalSystem.Application.csproj", "{89779CED-B939-465C-82DA-38F780AAFBD4}"
EndProject
Project("{FAE04EC0-301F-11D3-BF4B-00C04F79EFBC}") = "RentalSystem.Domain", "src\RentalSystem.Domain\RentalSystem.Domain.csproj", "{881293BF-28C5-4BD6-A2D9-E50737EC849C}"
EndProject
Project("{FAE04EC0-301F-11D3-BF4B-00C04F79EFBC}") = "RentalSystem.Infra", "src\RentalSystem.Infra\RentalSystem.Infra.csproj", "{0222868D-B378-4DF5-A4FF-81313532D62E}"
EndProject
Project("{FAE04EC0-301F-11D3-BF4B-00C04F79EFBC}") = "RentalSystem.Presentation", "src\RentalSystem.Presentation\RentalSystem.Presentation.csproj", "{C7D8F2D9-16AA-4F8B-8F92-3A22BA36A565}"
EndProject
Project("{2150E333-8FDC-42A3-9474-1A3956D46DE8}") = "shared", "shared", "{4F52FD11-658E-A102-6CD3-7D7C16FFA15B}"
EndProject
Project("{FAE04EC0-301F-11D3-BF4B-00C04F79EFBC}") = "RentalSystem.Communication", "shared\RentalSystem.Communication\RentalSystem.Communication.csproj", "{41D58E59-DFBD-416F-8390-6A57B9526B9B}"
EndProject
Project("{FAE04EC0-301F-11D3-BF4B-00C04F79EFBC}") = "RentalSystem.Exceptions", "shared\RentalSystem.Exceptions\RentalSystem.Exceptions.csproj", "{D35DF11B-7276-49F3-95CE-87AB69043A04}"
EndProject
Project("{2150E333-8FDC-42A3-9474-1A3956D46DE8}") = "RentalSystem", "RentalSystem", "{02EA681E-C7D8-13C7-8484-4AC65E1B71E8}"
EndProject
Global
	GlobalSection(SolutionConfigurationPlatforms) = preSolution
		Debug|Any CPU = Debug|Any CPU
		Debug|x64 = Debug|x64
		Debug|x86 = Debug|x86
		Release|Any CPU = Release|Any CPU
		Release|x64 = Release|x64
		Release|x86 = Release|x86
	EndGlobalSection
	GlobalSection(ProjectConfigurationPlatforms) = postSolution
		{89779CED-B939-465C-82DA-38F780AAFBD4}.Debug|Any CPU.ActiveCfg = Debug|Any CPU
		{89779CED-B939-465C-82DA-38F780AAFBD4}.Debug|Any CPU.Build.0 = Debug|Any CPU
		{89779CED-B939-465C-82DA-38F780AAFBD4}.Debug|x64.ActiveCfg = Debug|Any CPU
		{89779CED-B939-465C-82DA-38F780AAFBD4}.Debug|x64.Build.0 = Debug|Any CPU
		{89779CED-B939-465C-82DA-38F780AAFBD4}.Debug|x86.ActiveCfg = Debug|Any CPU
		{89779CED-B939-465C-82DA-38F780AAFBD4}.Debug|x86.Build.0 = Debug|Any CPU
		{89779CED-B939-465C-82DA-38F780AAFBD4}.Release|Any CPU.ActiveCfg = Release|Any CPU
		{89779CED-B939-465C-82DA-38F780AAFBD4}.Release|Any CPU.Build.0 = Release|Any CPU
		{89779CED-B939-465C-82DA-38F780AAFBD4}.Release|x64.ActiveCfg = Release|Any CPU
		{89779CED-B939-465C-82DA-38F780AAFBD4}.Release|x64.Build.0 = Release|Any CPU
		{89779CED-B939-465C-82DA-38F780AAFBD4}.Release|x86.ActiveCfg = Release|Any CPU
		{89779CED-B939-465C-82DA-38F780AAFBD4}.Release|x86.Build.0 = Release|Any CPU
		{881293BF-28C5-4BD6-A2D9-E50737EC849C}.Debug|Any CPU.ActiveCfg = Debug|Any CPU
		{881293BF-28C5-4BD6-A2D9-E50737EC849C}.Debug|Any CPU.Build.0 = Debug|Any CPU
		{881293BF-28C5-4BD6-A2D9-E50737EC849C}.Debug|x64.ActiveCfg = Debug|Any CPU
		{881293BF-28C5-4BD6-A2D9-E50737EC849C}.Debug|x64.Build.0 = Debug|Any CPU
		{881293BF-28C5-4BD6-A2D9-E50737EC849C}.Debug|x86.ActiveCfg = Debug|Any CPU
		{881293BF-28C5-4BD6-A2D9-E50737EC849C}.Debug|x86.Build.0 = Debug|Any CPU
		{881293BF-28C5-4BD6-A2D9-E50737EC849C}.Release|Any CPU.ActiveCfg = Release|Any CPU
		{881293BF-28C5-4BD6-A2D9-E50737EC849C}.Release|Any CPU.Build.0 = Release|Any CPU
		{881293BF-28C5-4BD6-A2D9-E50737EC849C}.Release|x64.ActiveCfg = Release|Any CPU
		{881293BF-28C5-4BD6-A2D9-E50737EC849C}.Release|x64.Build.0 = Release|Any CPU
		{881293BF-28C5-4BD6-A2D9-E50737EC849C}.Release|x86.ActiveCfg = Release|Any CPU
		{881293BF-28C5-4BD6-A2D9-E50737EC849C}.Release|x86.Build.0 = Release|Any CPU
		{0222868D-B378-4DF5-A4FF-81313532D62E}.Debug|Any CPU.ActiveCfg = Debug|Any CPU
		{0222868D-B378-4DF5-A4FF-81313532D62E}.Debug|Any CPU.Build.0 = Debug|Any CPU
		{0222868D-B378-4DF5-A4FF-81313532D62E}.Debug|x64.ActiveCfg = Debug|Any CPU
		{0222868D-B378-4DF5-A4FF-81313532D62E}.Debug|x64.Build.0 = Debug|Any CPU
		{0222868D-B378-4DF5-A4FF-81313532D62E}.Debug|x86.ActiveCfg = Debug|Any CPU
		{0222868D-B378-4DF5-A4FF-81313532D62E}.Debug|x86.Build.0 = Debug|Any CPU
		{0222868D-B378-4DF5-A4FF-81313532D62E}.Release|Any CPU.ActiveCfg = Release|Any CPU
		{0222868D-B378-4DF5-A4FF-81313532D62E}.Release|Any CPU.Build.0 = Release|Any CPU
		{0222868D-B378-4DF5-A4FF-81313532D62E}.Release|x64.ActiveCfg = Release|Any CPU
		{0222868D-B378-4DF5-A4FF-81313532D62E}.Release|x64.Build.0 = Release|Any CPU
		{0222868D-B378-4DF5-A4FF-81313532D62E}.Release|x86.ActiveCfg = Release|Any CPU
		{0222868D-B378-4DF5-A4FF-81313532D62E}.Release|x86.Build.0 = Release|Any CPU
		{C7D8F2D9-16AA-4F8B-8F92-3A22BA36A565}.Debug|Any CPU.ActiveCfg = Debug|Any CPU
		{C7D8F2D9-16AA-4F8B-8F92-3A22BA36A565}.Debug|Any CPU.Build.0 = Debug|Any CPU
		{C7D8F2D9-16AA-4F8B-8F92-3A22BA36A565}.Debug|x64.ActiveCfg = Debug|Any CPU
		{C7D8F2D9-16AA-4F8B-8F92-3A22BA36A565}.Debug|x64.Build.0 = Debug|Any CPU
		{C7D8F2D9-16AA-4F8B-8F92-3A22BA36A565}.Debug|x86.ActiveCfg = Debug|Any CPU
		{C7D8F2D9-16AA-4F8B-8F92-3A22BA36A565}.Debug|x86.Build.0 = Debug|Any CPU
		{C7D8F2D9-16AA-4F8B-8F92-3A22BA36A565}.Release|Any CPU.ActiveCfg = Release|Any CPU
		{C7D8F2D9-16AA-4F8B-8F92-3A22BA36A565}.Release|Any CPU.Build.0 = Release|Any CPU
		{C7D8F2D9-16AA-4F8B-8F92-3A22BA36A565}.Release|x64.ActiveCfg = Release|Any CPU
		{C7D8F2D9-16AA-4F8B-8F92-3A22BA36A565}.Release|x64.Build.0 = Release|Any CPU
		{C7D8F2D9-16AA-4F8B-8F92-3A22BA36A565}.Release|x86.ActiveCfg = Release|Any CPU
		{C7D8F2D9-16AA-4F8B-8F92-3A22BA36A565}.Release|x86.Build.0 = Release|Any CPU
		{41D58E59-DFBD-416F-8390-6A57B9526B9B}.Debug|Any CPU.ActiveCfg = Debug|Any CPU
		{41D58E59-DFBD-416F-8390-6A57B9526B9B}.Debug|Any CPU.Build.0 = Debug|Any CPU
		{41D58E59-DFBD-416F-8390-6A57B9526B9B}.Debug|x64.ActiveCfg = Debug|Any CPU
		{41D58E59-DFBD-416F-8390-6A57B9526B9B}.Debug|x64.Build.0 = Debug|Any CPU
		{41D58E59-DFBD-416F-8390-6A57B9526B9B}.Debug|x86.ActiveCfg = Debug|Any CPU
		{41D58E59-DFBD-416F-8390-6A57B9526B9B}.Debug|x86.Build.0 = Debug|Any CPU
		{41D58E59-DFBD-416F-8390-6A57B9526B9B}.Release|Any CPU.ActiveCfg = Release|Any CPU
		{41D58E59-DFBD-416F-8390-6A57B9526B9B}.Release|Any CPU.Build.0 = Release|Any CPU
		{41D58E59-DFBD-416F-8390-6A57B9526B9B}.Release|x64.ActiveCfg = Release|Any CPU
		{41D58E59-DFBD-416F-8390-6A57B9526B9B}.Release|x64.Build.0 = Release|Any CPU
		{41D58E59-DFBD-416F-8390-6A57B9526B9B}.Release|x86.ActiveCfg = Release|Any CPU
		{41D58E59-DFBD-416F-8390-6A57B9526B9B}.Release|x86.Build.0 = Release|Any CPU
		{D35DF11B-7276-49F3-95CE-87AB69043A04}.Debug|Any CPU.ActiveCfg = Debug|Any CPU
		{D35DF11B-7276-49F3-95CE-87AB69043A04}.Debug|Any CPU.Build.0 = Debug|Any CPU
		{D35DF11B-7276-49F3-95CE-87AB69043A04}.Debug|x64.ActiveCfg = Debug|Any CPU
		{D35DF11B-7276-49F3-95CE-87AB69043A04}.Debug|x64.Build.0 = Debug|Any CPU
		{D35DF11B-7276-49F3-95CE-87AB69043A04}.Debug|x86.ActiveCfg = Debug|Any CPU
		{D35DF11B-7276-49F3-95CE-87AB69043A04}.Debug|x86.Build.0 = Debug|Any CPU
		{D35DF11B-7276-49F3-95CE-87AB69043A04}.Release|Any CPU.ActiveCfg = Release|Any CPU
		{D35DF11B-7276-49F3-95CE-87AB69043A04}.Release|Any CPU.Build.0 = Release|Any CPU
		{D35DF11B-7276-49F3-95CE-87AB69043A04}.Release|x64.ActiveCfg = Release|Any CPU
		{D35DF11B-7276-49F3-95CE-87AB69043A04}.Release|x64.Build.0 = Release|Any CPU
		{D35DF11B-7276-49F3-95CE-87AB69043A04}.Release|x86.ActiveCfg = Release|Any CPU
		{D35DF11B-7276-49F3-95CE-87AB69043A04}.Release|x86.Build.0 = Release|Any CPU
	EndGlobalSection
	GlobalSection(SolutionProperties) = preSolution
		HideSolutionNode = FALSE
	EndGlobalSection
	GlobalSection(NestedProjects) = preSolution
		{827E0CD3-B72D-47B6-A68D-7590B98EB39B} = {02EA681E-C7D8-13C7-8484-4AC65E1B71E8}
		{89779CED-B939-465C-82DA-38F780AAFBD4} = {827E0CD3-B72D-47B6-A68D-7590B98EB39B}
		{881293BF-28C5-4BD6-A2D9-E50737EC849C} = {827E0CD3-B72D-47B6-A68D-7590B98EB39B}
		{0222868D-B378-4DF5-A4FF-81313532D62E} = {827E0CD3-B72D-47B6-A68D-7590B98EB39B}
		{C7D8F2D9-16AA-4F8B-8F92-3A22BA36A565} = {827E0CD3-B72D-47B6-A68D-7590B98EB39B}
		{4F52FD11-658E-A102-6CD3-7D7C16FFA15B} = {02EA681E-C7D8-13C7-8484-4AC65E1B71E8}
		{41D58E59-DFBD-416F-8390-6A57B9526B9B} = {4F52FD11-658E-A102-6CD3-7D7C16FFA15B}
		{D35DF11B-7276-49F3-95CE-87AB69043A04} = {4F52FD11-658E-A102-6CD3-7D7C16FFA15B}
	EndGlobalSection
EndGlobal
